PODS:
  - Apollo (0.13.0):
    - Apollo/Core (= 0.13.0)
  - Apollo/Core (0.13.0)
  - SwiftDate (6.1.0)

DEPENDENCIES:
  - Apollo (~> 0.13.0)
  - SwiftDate (~> 6.1.0)

SPEC REPOS:
  https://github.com/cocoapods/specs.git:
    - Apollo
    - SwiftDate

SPEC CHECKSUMS:
  Apollo: 603a59c12046c50f3188f4e5dfdae080d20ded55
  SwiftDate: fa2bb3962056bb44047b4b85a30044e5eae30b03

PODFILE CHECKSUM: 585b2ecb41f5834f818f060fdb6b7c35f183cc94

COCOAPODS: 1.6.1
