PODS:
  - Apollo (0.15.3):
    - Apollo/Core (= 0.15.3)
  - Apollo/Core (0.15.3)
  - SwiftDate (6.1.0)

DEPENDENCIES:
  - Apollo (~> 0.15.3)
  - SwiftDate (~> 6.1.0)

SPEC REPOS:
  https://github.com/cocoapods/specs.git:
    - Apollo
    - SwiftDate

SPEC CHECKSUMS:
  Apollo: bec38cb63711f7c3f3c7c2faae3be9139d2a8a57
  SwiftDate: fa2bb3962056bb44047b4b85a30044e5eae30b03

PODFILE CHECKSUM: 74bc6e7e2c1370adefe4b228948c612a73e8c9d1

COCOAPODS: 1.6.1
