// !$*UTF8*$!
{
	archiveVersion = 1;
	classes = {
	};
	objectVersion = 52;
	objects = {

/* Begin PBXBuildFile section */
		800194DD232EDC8100066D37 /* ShadowView.swift in Sources */ = {isa = PBXBuildFile; fileRef = 800194DC232EDC8100066D37 /* ShadowView.swift */; };
		800194DF232EDCCF00066D37 /* UIShadowView.swift in Sources */ = {isa = PBXBuildFile; fileRef = 800194DE232EDCCF00066D37 /* UIShadowView.swift */; };
		801BDBD0232D660C007FE4AB /* DrawerHandle.swift in Sources */ = {isa = PBXBuildFile; fileRef = 801BDBCF232D660C007FE4AB /* DrawerHandle.swift */; };
		8020F9532363D2390029FEB6 /* MasterView.swift in Sources */ = {isa = PBXBuildFile; fileRef = 8020F9522363D2390029FEB6 /* MasterView.swift */; };
		8026FF5323779881007962DB /* MapView.swift in Sources */ = {isa = PBXBuildFile; fileRef = 8026FF5223779881007962DB /* MapView.swift */; };
		802C0D982368FE32009A22BA /* CurrentSection.swift in Sources */ = {isa = PBXBuildFile; fileRef = 802C0D972368FE32009A22BA /* CurrentSection.swift */; };
		802C0D9C236903C6009A22BA /* SunriseSunsetTime.swift in Sources */ = {isa = PBXBuildFile; fileRef = 802C0D9B236903C6009A22BA /* SunriseSunsetTime.swift */; };
		802C0D9E236903CD009A22BA /* Header.swift in Sources */ = {isa = PBXBuildFile; fileRef = 802C0D9D236903CD009A22BA /* Header.swift */; };
		803028D522CEE42C0053F639 /* TemperatureView.swift in Sources */ = {isa = PBXBuildFile; fileRef = 803028D422CEE42C0053F639 /* TemperatureView.swift */; };
		803028D822CEE56D0053F639 /* ObservationView.swift in Sources */ = {isa = PBXBuildFile; fileRef = 803028D722CEE56D0053F639 /* ObservationView.swift */; };
		803028E522CEE7970053F639 /* OverviewView.swift in Sources */ = {isa = PBXBuildFile; fileRef = 803028E422CEE7970053F639 /* OverviewView.swift */; };
		8039628322D6CC4B003FEAB3 /* HourlyForecastViewModel.swift in Sources */ = {isa = PBXBuildFile; fileRef = 8039628222D6CC4B003FEAB3 /* HourlyForecastViewModel.swift */; };
		8039628522D6CD6F003FEAB3 /* ForecastIcon.swift in Sources */ = {isa = PBXBuildFile; fileRef = 8039628422D6CD6F003FEAB3 /* ForecastIcon.swift */; };
		8050327F22D25C7500D376C3 /* HighLowStack.swift in Sources */ = {isa = PBXBuildFile; fileRef = 8050327E22D25C7500D376C3 /* HighLowStack.swift */; };
		80504F782332DB4700DB4FAD /* HourlyForecastDetail.swift in Sources */ = {isa = PBXBuildFile; fileRef = 80504F772332DB4700DB4FAD /* HourlyForecastDetail.swift */; };
		8057DB4E2364F0C40087FBF7 /* AlertStack.swift in Sources */ = {isa = PBXBuildFile; fileRef = 8057DB4D2364F0C40087FBF7 /* AlertStack.swift */; };
		8057DB512364F0F20087FBF7 /* AlertIndicator.swift in Sources */ = {isa = PBXBuildFile; fileRef = 8057DB502364F0F20087FBF7 /* AlertIndicator.swift */; };
		8057DB542364F10F0087FBF7 /* TabView.swift in Sources */ = {isa = PBXBuildFile; fileRef = 8057DB532364F10F0087FBF7 /* TabView.swift */; };
		8057DB562364F12B0087FBF7 /* TabControl.swift in Sources */ = {isa = PBXBuildFile; fileRef = 8057DB552364F12B0087FBF7 /* TabControl.swift */; };
		8057DB582364F1370087FBF7 /* NavigationBar.swift in Sources */ = {isa = PBXBuildFile; fileRef = 8057DB572364F1370087FBF7 /* NavigationBar.swift */; };
		805A174622C53ADB00E1B4E2 /* AppDelegate.swift in Sources */ = {isa = PBXBuildFile; fileRef = 805A174522C53ADB00E1B4E2 /* AppDelegate.swift */; };
		805A174822C53ADB00E1B4E2 /* SceneDelegate.swift in Sources */ = {isa = PBXBuildFile; fileRef = 805A174722C53ADB00E1B4E2 /* SceneDelegate.swift */; };
		805A174A22C53ADB00E1B4E2 /* ContentView.swift in Sources */ = {isa = PBXBuildFile; fileRef = 805A174922C53ADB00E1B4E2 /* ContentView.swift */; };
		805A174C22C53ADD00E1B4E2 /* Assets.xcassets in Resources */ = {isa = PBXBuildFile; fileRef = 805A174B22C53ADD00E1B4E2 /* Assets.xcassets */; };
		805A174F22C53ADD00E1B4E2 /* Preview Assets.xcassets in Resources */ = {isa = PBXBuildFile; fileRef = 805A174E22C53ADD00E1B4E2 /* Preview Assets.xcassets */; };
		805A175222C53ADD00E1B4E2 /* LaunchScreen.storyboard in Resources */ = {isa = PBXBuildFile; fileRef = 805A175022C53ADD00E1B4E2 /* LaunchScreen.storyboard */; };
		805A1E6622D65ADB001B8CC3 /* HourlyForecastView.swift in Sources */ = {isa = PBXBuildFile; fileRef = 805A1E6522D65ADB001B8CC3 /* HourlyForecastView.swift */; };
		805D7BDA22D1243F00A12C4D /* Colors.xcassets in Resources */ = {isa = PBXBuildFile; fileRef = 805D7BD922D1243F00A12C4D /* Colors.xcassets */; };
		805D7BDC22D1244800A12C4D /* Images.xcassets in Resources */ = {isa = PBXBuildFile; fileRef = 805D7BDB22D1244800A12C4D /* Images.xcassets */; };
		805D7BE222D1287900A12C4D /* BlurView.swift in Sources */ = {isa = PBXBuildFile; fileRef = 805D7BE122D1287900A12C4D /* BlurView.swift */; };
		8061291F23690883005EEB2A /* DailyForecastCard.swift in Sources */ = {isa = PBXBuildFile; fileRef = 8061291E23690883005EEB2A /* DailyForecastCard.swift */; };
		8061292123690D06005EEB2A /* DailyForecastDetail.swift in Sources */ = {isa = PBXBuildFile; fileRef = 8061292023690D06005EEB2A /* DailyForecastDetail.swift */; };
		8061292323690F5F005EEB2A /* DailyForecastView.swift in Sources */ = {isa = PBXBuildFile; fileRef = 8061292223690F5F005EEB2A /* DailyForecastView.swift */; };
		806129262369122D005EEB2A /* HorizontalPagingScrollView.swift in Sources */ = {isa = PBXBuildFile; fileRef = 806129252369122D005EEB2A /* HorizontalPagingScrollView.swift */; };
		8061292823691365005EEB2A /* HorizontalPagingScrollViewController.swift in Sources */ = {isa = PBXBuildFile; fileRef = 8061292723691365005EEB2A /* HorizontalPagingScrollViewController.swift */; };
		8061292A236915D4005EEB2A /* WeekSection.swift in Sources */ = {isa = PBXBuildFile; fileRef = 80612929236915D4005EEB2A /* WeekSection.swift */; };
		8066FDED2364EE030067F362 /* NowSection.swift in Sources */ = {isa = PBXBuildFile; fileRef = 8066FDEC2364EE030067F362 /* NowSection.swift */; };
		806CC54B22F8F27100D0D2F6 /* schema.json in Resources */ = {isa = PBXBuildFile; fileRef = 806CC54A22F8F27000D0D2F6 /* schema.json */; };
		8076F72623651CD000FB85D1 /* SlidingPanel.swift in Sources */ = {isa = PBXBuildFile; fileRef = 8076F72523651CD000FB85D1 /* SlidingPanel.swift */; };
		807B8E4A2377A7250075F131 /* CurrentConditionsItem.swift in Sources */ = {isa = PBXBuildFile; fileRef = 807B8E492377A7250075F131 /* CurrentConditionsItem.swift */; };
		807B8E4C2377AAFD0075F131 /* CurrentConditionsView.swift in Sources */ = {isa = PBXBuildFile; fileRef = 807B8E4B2377AAFD0075F131 /* CurrentConditionsView.swift */; };
		8085B7B4232DD0D500D4AEE4 /* Comparable+Clamped.swift in Sources */ = {isa = PBXBuildFile; fileRef = 8085B7B3232DD0D500D4AEE4 /* Comparable+Clamped.swift */; };
		809833B922F678BE001C1590 /* WeatherQuery.graphql in Resources */ = {isa = PBXBuildFile; fileRef = 809833B822F678BE001C1590 /* WeatherQuery.graphql */; };
		8099A20D23130B8500EE4F30 /* SafariView.swift in Sources */ = {isa = PBXBuildFile; fileRef = 8099A20C23130B8500EE4F30 /* SafariView.swift */; };
		8099A20F23130CED00EE4F30 /* CustomSafariViewController.swift in Sources */ = {isa = PBXBuildFile; fileRef = 8099A20E23130CED00EE4F30 /* CustomSafariViewController.swift */; };
		8099ED3323667E7A00B8E1CA /* FramePreferenceKey.swift in Sources */ = {isa = PBXBuildFile; fileRef = 8099ED3223667E7A00B8E1CA /* FramePreferenceKey.swift */; };
		8099ED3923667F8C00B8E1CA /* TabGeometry.swift in Sources */ = {isa = PBXBuildFile; fileRef = 8099ED3823667F8C00B8E1CA /* TabGeometry.swift */; };
		809C147E22F7D05F00F6A771 /* API.swift in Sources */ = {isa = PBXBuildFile; fileRef = 809C147D22F7D05E00F6A771 /* API.swift */; };
		80A016022376638900A72C2F /* MainPagingScrollViewController.swift in Sources */ = {isa = PBXBuildFile; fileRef = 80A016012376638900A72C2F /* MainPagingScrollViewController.swift */; };
		80A01605237665B700A72C2F /* TouchPassthroughView.swift in Sources */ = {isa = PBXBuildFile; fileRef = 80A01604237665B700A72C2F /* TouchPassthroughView.swift */; };
		80AD070922D68E7B00220FEE /* WeatherProvider.swift in Sources */ = {isa = PBXBuildFile; fileRef = 80AD070822D68E7B00220FEE /* WeatherProvider.swift */; };
		80B1B3282376683A000EA6DD /* MainPagingScrollView.swift in Sources */ = {isa = PBXBuildFile; fileRef = 80B1B3272376683A000EA6DD /* MainPagingScrollView.swift */; };
		80B8DB92232C768000BAD200 /* WeatherIllustration.swift in Sources */ = {isa = PBXBuildFile; fileRef = 80B8DB91232C768000BAD200 /* WeatherIllustration.swift */; };
		80B8DB94232C7BBF00BAD200 /* BackgroundColor.swift in Sources */ = {isa = PBXBuildFile; fileRef = 80B8DB93232C7BBF00BAD200 /* BackgroundColor.swift */; };
		80C395A323787B9B0004B71D /* ObservedAtTime.swift in Sources */ = {isa = PBXBuildFile; fileRef = 80C395A223787B9B0004B71D /* ObservedAtTime.swift */; };
		80C395A523787F660004B71D /* Date+TimeAgo.swift in Sources */ = {isa = PBXBuildFile; fileRef = 80C395A423787F660004B71D /* Date+TimeAgo.swift */; };
		80C395A8237888CD0004B71D /* IndicatorShape.swift in Sources */ = {isa = PBXBuildFile; fileRef = 80C395A7237888CD0004B71D /* IndicatorShape.swift */; };
		80C395AA23788A6B0004B71D /* LineActivityIndicator.swift in Sources */ = {isa = PBXBuildFile; fileRef = 80C395A923788A6B0004B71D /* LineActivityIndicator.swift */; };
		80C816202363D8C800D33669 /* BlackBackground.swift in Sources */ = {isa = PBXBuildFile; fileRef = 80C8161F2363D8C800D33669 /* BlackBackground.swift */; };
		80C816232363D9DA00D33669 /* OmniBar.swift in Sources */ = {isa = PBXBuildFile; fileRef = 80C816222363D9DA00D33669 /* OmniBar.swift */; };
		80C816262363DCFE00D33669 /* OmniBarTextField.swift in Sources */ = {isa = PBXBuildFile; fileRef = 80C816252363DCFE00D33669 /* OmniBarTextField.swift */; };
		80C816282363DEBB00D33669 /* OmniBarPlaceholder.swift in Sources */ = {isa = PBXBuildFile; fileRef = 80C816272363DEBB00D33669 /* OmniBarPlaceholder.swift */; };
		80C8162A2363E2D700D33669 /* OmniBarSettingsButton.swift in Sources */ = {isa = PBXBuildFile; fileRef = 80C816292363E2D700D33669 /* OmniBarSettingsButton.swift */; };
		80C8162F2363E6DF00D33669 /* HeaderGradientBackground.swift in Sources */ = {isa = PBXBuildFile; fileRef = 80C8162E2363E6DE00D33669 /* HeaderGradientBackground.swift */; };
		80D0CE81235B6D95002A3EFD /* SwiftDate in Frameworks */ = {isa = PBXBuildFile; productRef = 80D0CE80235B6D95002A3EFD /* SwiftDate */; };
		80D0CE84235B6DA5002A3EFD /* Apollo in Frameworks */ = {isa = PBXBuildFile; productRef = 80D0CE83235B6DA5002A3EFD /* Apollo */; };
		80D0D86722D6B56800B8C711 /* UserPreferences.swift in Sources */ = {isa = PBXBuildFile; fileRef = 80D0D86522D6B56700B8C711 /* UserPreferences.swift */; };
		80D1896D22D03A2F00E56DB1 /* HighLowView.swift in Sources */ = {isa = PBXBuildFile; fileRef = 80D1896C22D03A2F00E56DB1 /* HighLowView.swift */; };
		80E32BAE233454DD0087DBB3 /* SystemActivityIndicator.swift in Sources */ = {isa = PBXBuildFile; fileRef = 80E32BAD233454DD0087DBB3 /* SystemActivityIndicator.swift */; };
		80E5D61C23773B46004A1D6B /* UIView+PinEdges.swift in Sources */ = {isa = PBXBuildFile; fileRef = 80E5D61B23773B46004A1D6B /* UIView+PinEdges.swift */; };
		80E5D61E23774150004A1D6B /* UIScrollView+ScrollToTop.swift in Sources */ = {isa = PBXBuildFile; fileRef = 80E5D61D23774150004A1D6B /* UIScrollView+ScrollToTop.swift */; };
		80E5D622237760BA004A1D6B /* AlertType.swift in Sources */ = {isa = PBXBuildFile; fileRef = 80E5D621237760BA004A1D6B /* AlertType.swift */; };
		80E5D628237765DF004A1D6B /* IdentifiableAlert.swift in Sources */ = {isa = PBXBuildFile; fileRef = 80E5D627237765DF004A1D6B /* IdentifiableAlert.swift */; };
		80E5D62A2377721B004A1D6B /* String+IsInt.swift in Sources */ = {isa = PBXBuildFile; fileRef = 80E5D6292377721B004A1D6B /* String+IsInt.swift */; };
		80FECAF523778361008AC653 /* RadarSection.swift in Sources */ = {isa = PBXBuildFile; fileRef = 80FECAF423778361008AC653 /* RadarSection.swift */; };
/* End PBXBuildFile section */

/* Begin PBXFileReference section */
		800194DC232EDC8100066D37 /* ShadowView.swift */ = {isa = PBXFileReference; lastKnownFileType = sourcecode.swift; path = ShadowView.swift; sourceTree = "<group>"; };
		800194DE232EDCCF00066D37 /* UIShadowView.swift */ = {isa = PBXFileReference; lastKnownFileType = sourcecode.swift; path = UIShadowView.swift; sourceTree = "<group>"; };
		801BDBCF232D660C007FE4AB /* DrawerHandle.swift */ = {isa = PBXFileReference; lastKnownFileType = sourcecode.swift; path = DrawerHandle.swift; sourceTree = "<group>"; };
		8020F9522363D2390029FEB6 /* MasterView.swift */ = {isa = PBXFileReference; lastKnownFileType = sourcecode.swift; path = MasterView.swift; sourceTree = "<group>"; };
		8026FF5223779881007962DB /* MapView.swift */ = {isa = PBXFileReference; lastKnownFileType = sourcecode.swift; path = MapView.swift; sourceTree = "<group>"; };
		802C0D972368FE32009A22BA /* CurrentSection.swift */ = {isa = PBXFileReference; lastKnownFileType = sourcecode.swift; path = CurrentSection.swift; sourceTree = "<group>"; };
		802C0D9B236903C6009A22BA /* SunriseSunsetTime.swift */ = {isa = PBXFileReference; lastKnownFileType = sourcecode.swift; path = SunriseSunsetTime.swift; sourceTree = "<group>"; };
		802C0D9D236903CD009A22BA /* Header.swift */ = {isa = PBXFileReference; lastKnownFileType = sourcecode.swift; path = Header.swift; sourceTree = "<group>"; };
		803028D422CEE42C0053F639 /* TemperatureView.swift */ = {isa = PBXFileReference; lastKnownFileType = sourcecode.swift; path = TemperatureView.swift; sourceTree = "<group>"; };
		803028D722CEE56D0053F639 /* ObservationView.swift */ = {isa = PBXFileReference; lastKnownFileType = sourcecode.swift; path = ObservationView.swift; sourceTree = "<group>"; };
		803028E422CEE7970053F639 /* OverviewView.swift */ = {isa = PBXFileReference; lastKnownFileType = sourcecode.swift; path = OverviewView.swift; sourceTree = "<group>"; };
		8039628222D6CC4B003FEAB3 /* HourlyForecastViewModel.swift */ = {isa = PBXFileReference; lastKnownFileType = sourcecode.swift; path = HourlyForecastViewModel.swift; sourceTree = "<group>"; };
		8039628422D6CD6F003FEAB3 /* ForecastIcon.swift */ = {isa = PBXFileReference; fileEncoding = 4; lastKnownFileType = sourcecode.swift; path = ForecastIcon.swift; sourceTree = "<group>"; };
		8050327E22D25C7500D376C3 /* HighLowStack.swift */ = {isa = PBXFileReference; lastKnownFileType = sourcecode.swift; path = HighLowStack.swift; sourceTree = "<group>"; };
		80504F772332DB4700DB4FAD /* HourlyForecastDetail.swift */ = {isa = PBXFileReference; lastKnownFileType = sourcecode.swift; path = HourlyForecastDetail.swift; sourceTree = "<group>"; };
		8057DB4D2364F0C40087FBF7 /* AlertStack.swift */ = {isa = PBXFileReference; lastKnownFileType = sourcecode.swift; path = AlertStack.swift; sourceTree = "<group>"; };
		8057DB502364F0F20087FBF7 /* AlertIndicator.swift */ = {isa = PBXFileReference; lastKnownFileType = sourcecode.swift; path = AlertIndicator.swift; sourceTree = "<group>"; };
		8057DB532364F10F0087FBF7 /* TabView.swift */ = {isa = PBXFileReference; lastKnownFileType = sourcecode.swift; path = TabView.swift; sourceTree = "<group>"; };
		8057DB552364F12B0087FBF7 /* TabControl.swift */ = {isa = PBXFileReference; lastKnownFileType = sourcecode.swift; path = TabControl.swift; sourceTree = "<group>"; };
		8057DB572364F1370087FBF7 /* NavigationBar.swift */ = {isa = PBXFileReference; lastKnownFileType = sourcecode.swift; path = NavigationBar.swift; sourceTree = "<group>"; };
		805A174222C53ADB00E1B4E2 /* Forecast.app */ = {isa = PBXFileReference; explicitFileType = wrapper.application; includeInIndex = 0; path = Forecast.app; sourceTree = BUILT_PRODUCTS_DIR; };
		805A174522C53ADB00E1B4E2 /* AppDelegate.swift */ = {isa = PBXFileReference; lastKnownFileType = sourcecode.swift; path = AppDelegate.swift; sourceTree = "<group>"; };
		805A174722C53ADB00E1B4E2 /* SceneDelegate.swift */ = {isa = PBXFileReference; lastKnownFileType = sourcecode.swift; path = SceneDelegate.swift; sourceTree = "<group>"; };
		805A174922C53ADB00E1B4E2 /* ContentView.swift */ = {isa = PBXFileReference; lastKnownFileType = sourcecode.swift; path = ContentView.swift; sourceTree = "<group>"; };
		805A174B22C53ADD00E1B4E2 /* Assets.xcassets */ = {isa = PBXFileReference; lastKnownFileType = folder.assetcatalog; path = Assets.xcassets; sourceTree = "<group>"; };
		805A174E22C53ADD00E1B4E2 /* Preview Assets.xcassets */ = {isa = PBXFileReference; lastKnownFileType = folder.assetcatalog; path = "Preview Assets.xcassets"; sourceTree = "<group>"; };
		805A175122C53ADD00E1B4E2 /* Base */ = {isa = PBXFileReference; lastKnownFileType = file.storyboard; name = Base; path = Base.lproj/LaunchScreen.storyboard; sourceTree = "<group>"; };
		805A175322C53ADD00E1B4E2 /* Info.plist */ = {isa = PBXFileReference; lastKnownFileType = text.plist.xml; path = Info.plist; sourceTree = "<group>"; };
		805A1E6522D65ADB001B8CC3 /* HourlyForecastView.swift */ = {isa = PBXFileReference; lastKnownFileType = sourcecode.swift; path = HourlyForecastView.swift; sourceTree = "<group>"; };
		805D7BD922D1243F00A12C4D /* Colors.xcassets */ = {isa = PBXFileReference; lastKnownFileType = folder.assetcatalog; path = Colors.xcassets; sourceTree = "<group>"; };
		805D7BDB22D1244800A12C4D /* Images.xcassets */ = {isa = PBXFileReference; lastKnownFileType = folder.assetcatalog; path = Images.xcassets; sourceTree = "<group>"; };
		805D7BE122D1287900A12C4D /* BlurView.swift */ = {isa = PBXFileReference; lastKnownFileType = sourcecode.swift; path = BlurView.swift; sourceTree = "<group>"; };
		8061291E23690883005EEB2A /* DailyForecastCard.swift */ = {isa = PBXFileReference; lastKnownFileType = sourcecode.swift; path = DailyForecastCard.swift; sourceTree = "<group>"; };
		8061292023690D06005EEB2A /* DailyForecastDetail.swift */ = {isa = PBXFileReference; lastKnownFileType = sourcecode.swift; path = DailyForecastDetail.swift; sourceTree = "<group>"; };
		8061292223690F5F005EEB2A /* DailyForecastView.swift */ = {isa = PBXFileReference; lastKnownFileType = sourcecode.swift; path = DailyForecastView.swift; sourceTree = "<group>"; };
		806129252369122D005EEB2A /* HorizontalPagingScrollView.swift */ = {isa = PBXFileReference; lastKnownFileType = sourcecode.swift; path = HorizontalPagingScrollView.swift; sourceTree = "<group>"; };
		8061292723691365005EEB2A /* HorizontalPagingScrollViewController.swift */ = {isa = PBXFileReference; lastKnownFileType = sourcecode.swift; path = HorizontalPagingScrollViewController.swift; sourceTree = "<group>"; };
		80612929236915D4005EEB2A /* WeekSection.swift */ = {isa = PBXFileReference; lastKnownFileType = sourcecode.swift; path = WeekSection.swift; sourceTree = "<group>"; };
		8066FDEC2364EE030067F362 /* NowSection.swift */ = {isa = PBXFileReference; lastKnownFileType = sourcecode.swift; path = NowSection.swift; sourceTree = "<group>"; };
		806CC54A22F8F27000D0D2F6 /* schema.json */ = {isa = PBXFileReference; fileEncoding = 4; lastKnownFileType = text.json; path = schema.json; sourceTree = "<group>"; };
		8076F72523651CD000FB85D1 /* SlidingPanel.swift */ = {isa = PBXFileReference; lastKnownFileType = sourcecode.swift; path = SlidingPanel.swift; sourceTree = "<group>"; };
		807B8E492377A7250075F131 /* CurrentConditionsItem.swift */ = {isa = PBXFileReference; lastKnownFileType = sourcecode.swift; path = CurrentConditionsItem.swift; sourceTree = "<group>"; };
		807B8E4B2377AAFD0075F131 /* CurrentConditionsView.swift */ = {isa = PBXFileReference; lastKnownFileType = sourcecode.swift; path = CurrentConditionsView.swift; sourceTree = "<group>"; };
		8085B7B3232DD0D500D4AEE4 /* Comparable+Clamped.swift */ = {isa = PBXFileReference; lastKnownFileType = sourcecode.swift; path = "Comparable+Clamped.swift"; sourceTree = "<group>"; };
		809833B822F678BE001C1590 /* WeatherQuery.graphql */ = {isa = PBXFileReference; fileEncoding = 4; lastKnownFileType = text; path = WeatherQuery.graphql; sourceTree = "<group>"; };
		8099A20C23130B8500EE4F30 /* SafariView.swift */ = {isa = PBXFileReference; lastKnownFileType = sourcecode.swift; path = SafariView.swift; sourceTree = "<group>"; };
		8099A20E23130CED00EE4F30 /* CustomSafariViewController.swift */ = {isa = PBXFileReference; lastKnownFileType = sourcecode.swift; path = CustomSafariViewController.swift; sourceTree = "<group>"; };
		8099ED3223667E7A00B8E1CA /* FramePreferenceKey.swift */ = {isa = PBXFileReference; lastKnownFileType = sourcecode.swift; path = FramePreferenceKey.swift; sourceTree = "<group>"; };
		8099ED3823667F8C00B8E1CA /* TabGeometry.swift */ = {isa = PBXFileReference; lastKnownFileType = sourcecode.swift; path = TabGeometry.swift; sourceTree = "<group>"; };
		809C147D22F7D05E00F6A771 /* API.swift */ = {isa = PBXFileReference; fileEncoding = 4; lastKnownFileType = sourcecode.swift; path = API.swift; sourceTree = "<group>"; };
		80A016012376638900A72C2F /* MainPagingScrollViewController.swift */ = {isa = PBXFileReference; lastKnownFileType = sourcecode.swift; path = MainPagingScrollViewController.swift; sourceTree = "<group>"; };
		80A01604237665B700A72C2F /* TouchPassthroughView.swift */ = {isa = PBXFileReference; lastKnownFileType = sourcecode.swift; path = TouchPassthroughView.swift; sourceTree = "<group>"; };
		80AD070822D68E7B00220FEE /* WeatherProvider.swift */ = {isa = PBXFileReference; lastKnownFileType = sourcecode.swift; path = WeatherProvider.swift; sourceTree = "<group>"; };
		80B1B3272376683A000EA6DD /* MainPagingScrollView.swift */ = {isa = PBXFileReference; lastKnownFileType = sourcecode.swift; path = MainPagingScrollView.swift; sourceTree = "<group>"; };
		80B8DB91232C768000BAD200 /* WeatherIllustration.swift */ = {isa = PBXFileReference; lastKnownFileType = sourcecode.swift; path = WeatherIllustration.swift; sourceTree = "<group>"; };
		80B8DB93232C7BBF00BAD200 /* BackgroundColor.swift */ = {isa = PBXFileReference; lastKnownFileType = sourcecode.swift; path = BackgroundColor.swift; sourceTree = "<group>"; };
		80C395A223787B9B0004B71D /* ObservedAtTime.swift */ = {isa = PBXFileReference; lastKnownFileType = sourcecode.swift; path = ObservedAtTime.swift; sourceTree = "<group>"; };
		80C395A423787F660004B71D /* Date+TimeAgo.swift */ = {isa = PBXFileReference; lastKnownFileType = sourcecode.swift; path = "Date+TimeAgo.swift"; sourceTree = "<group>"; };
		80C395A7237888CD0004B71D /* IndicatorShape.swift */ = {isa = PBXFileReference; lastKnownFileType = sourcecode.swift; path = IndicatorShape.swift; sourceTree = "<group>"; };
		80C395A923788A6B0004B71D /* LineActivityIndicator.swift */ = {isa = PBXFileReference; lastKnownFileType = sourcecode.swift; path = LineActivityIndicator.swift; sourceTree = "<group>"; };
		80C8161F2363D8C800D33669 /* BlackBackground.swift */ = {isa = PBXFileReference; lastKnownFileType = sourcecode.swift; path = BlackBackground.swift; sourceTree = "<group>"; };
		80C816222363D9DA00D33669 /* OmniBar.swift */ = {isa = PBXFileReference; lastKnownFileType = sourcecode.swift; path = OmniBar.swift; sourceTree = "<group>"; };
		80C816252363DCFE00D33669 /* OmniBarTextField.swift */ = {isa = PBXFileReference; lastKnownFileType = sourcecode.swift; path = OmniBarTextField.swift; sourceTree = "<group>"; };
		80C816272363DEBB00D33669 /* OmniBarPlaceholder.swift */ = {isa = PBXFileReference; lastKnownFileType = sourcecode.swift; path = OmniBarPlaceholder.swift; sourceTree = "<group>"; };
		80C816292363E2D700D33669 /* OmniBarSettingsButton.swift */ = {isa = PBXFileReference; lastKnownFileType = sourcecode.swift; path = OmniBarSettingsButton.swift; sourceTree = "<group>"; };
		80C8162E2363E6DE00D33669 /* HeaderGradientBackground.swift */ = {isa = PBXFileReference; fileEncoding = 4; lastKnownFileType = sourcecode.swift; path = HeaderGradientBackground.swift; sourceTree = "<group>"; };
		80D0D86522D6B56700B8C711 /* UserPreferences.swift */ = {isa = PBXFileReference; fileEncoding = 4; lastKnownFileType = sourcecode.swift; path = UserPreferences.swift; sourceTree = "<group>"; };
		80D1896C22D03A2F00E56DB1 /* HighLowView.swift */ = {isa = PBXFileReference; lastKnownFileType = sourcecode.swift; path = HighLowView.swift; sourceTree = "<group>"; };
		80E32BAD233454DD0087DBB3 /* SystemActivityIndicator.swift */ = {isa = PBXFileReference; lastKnownFileType = sourcecode.swift; path = SystemActivityIndicator.swift; sourceTree = "<group>"; };
		80E5D61B23773B46004A1D6B /* UIView+PinEdges.swift */ = {isa = PBXFileReference; lastKnownFileType = sourcecode.swift; path = "UIView+PinEdges.swift"; sourceTree = "<group>"; };
		80E5D61D23774150004A1D6B /* UIScrollView+ScrollToTop.swift */ = {isa = PBXFileReference; lastKnownFileType = sourcecode.swift; path = "UIScrollView+ScrollToTop.swift"; sourceTree = "<group>"; };
		80E5D621237760BA004A1D6B /* AlertType.swift */ = {isa = PBXFileReference; lastKnownFileType = sourcecode.swift; path = AlertType.swift; sourceTree = "<group>"; };
		80E5D627237765DF004A1D6B /* IdentifiableAlert.swift */ = {isa = PBXFileReference; lastKnownFileType = sourcecode.swift; path = IdentifiableAlert.swift; sourceTree = "<group>"; };
		80E5D6292377721B004A1D6B /* String+IsInt.swift */ = {isa = PBXFileReference; fileEncoding = 4; lastKnownFileType = sourcecode.swift; path = "String+IsInt.swift"; sourceTree = "<group>"; };
		80FECAF423778361008AC653 /* RadarSection.swift */ = {isa = PBXFileReference; lastKnownFileType = sourcecode.swift; path = RadarSection.swift; sourceTree = "<group>"; };
/* End PBXFileReference section */

/* Begin PBXFrameworksBuildPhase section */
		805A173F22C53ADB00E1B4E2 /* Frameworks */ = {
			isa = PBXFrameworksBuildPhase;
			buildActionMask = 2147483647;
			files = (
				80D0CE81235B6D95002A3EFD /* SwiftDate in Frameworks */,
				80D0CE84235B6DA5002A3EFD /* Apollo in Frameworks */,
			);
			runOnlyForDeploymentPostprocessing = 0;
		};
/* End PBXFrameworksBuildPhase section */

/* Begin PBXGroup section */
		801878C1237783FD00B046B9 /* SunriseSunsetTime */ = {
			isa = PBXGroup;
			children = (
				802C0D9B236903C6009A22BA /* SunriseSunsetTime.swift */,
			);
			path = SunriseSunsetTime;
			sourceTree = "<group>";
		};
		8020F9502363D1A10029FEB6 /* Views */ = {
			isa = PBXGroup;
			children = (
				8066FDE72364ECA90067F362 /* Root */,
				8020F9512363D2010029FEB6 /* Master */,
				802C0D9A236903A8009A22BA /* Header */,
				8057DB4C2364F07E0087FBF7 /* NavigationBar */,
				8026FF5023779019007962DB /* Shadow */,
				80A016002376636B00A72C2F /* PagingScrollView */,
				8099A20B23130B7400EE4F30 /* Safari */,
				805D7BE022D1287100A12C4D /* Blur */,
				8066FDE82364ECCE0067F362 /* Indicator */,
			);
			path = Views;
			sourceTree = "<group>";
		};
		8020F9512363D2010029FEB6 /* Master */ = {
			isa = PBXGroup;
			children = (
				80FECAF0237782D8008AC653 /* BackgroundColor */,
				80FECAEE237782A4008AC653 /* WeatherIllustration */,
				80FECAED2377829C008AC653 /* DrawerHandle */,
				8020F9522363D2390029FEB6 /* MasterView.swift */,
			);
			path = Master;
			sourceTree = "<group>";
		};
		8026FF4F23778FFC007962DB /* IdentifiableAlert */ = {
			isa = PBXGroup;
			children = (
				80E5D627237765DF004A1D6B /* IdentifiableAlert.swift */,
			);
			path = IdentifiableAlert;
			sourceTree = "<group>";
		};
		8026FF5023779019007962DB /* Shadow */ = {
			isa = PBXGroup;
			children = (
				800194DC232EDC8100066D37 /* ShadowView.swift */,
				800194DE232EDCCF00066D37 /* UIShadowView.swift */,
			);
			path = Shadow;
			sourceTree = "<group>";
		};
		8026FF5123779873007962DB /* Map */ = {
			isa = PBXGroup;
			children = (
				8026FF5223779881007962DB /* MapView.swift */,
			);
			path = Map;
			sourceTree = "<group>";
		};
		802C0D9A236903A8009A22BA /* Header */ = {
			isa = PBXGroup;
			children = (
				80C395A123787B810004B71D /* ObservedAtTime */,
				80C816212363D9CD00D33669 /* OmniBar */,
				801878C1237783FD00B046B9 /* SunriseSunsetTime */,
				80C8162E2363E6DE00D33669 /* HeaderGradientBackground.swift */,
				802C0D9D236903CD009A22BA /* Header.swift */,
			);
			path = Header;
			sourceTree = "<group>";
		};
		8057DB4C2364F07E0087FBF7 /* NavigationBar */ = {
			isa = PBXGroup;
			children = (
				8057DB522364F0F80087FBF7 /* TabControl */,
				8057DB4F2364F0D80087FBF7 /* Alert */,
				8057DB572364F1370087FBF7 /* NavigationBar.swift */,
			);
			path = NavigationBar;
			sourceTree = "<group>";
		};
		8057DB4F2364F0D80087FBF7 /* Alert */ = {
			isa = PBXGroup;
			children = (
				8026FF4F23778FFC007962DB /* IdentifiableAlert */,
				8057DB4D2364F0C40087FBF7 /* AlertStack.swift */,
				8057DB502364F0F20087FBF7 /* AlertIndicator.swift */,
				80E5D621237760BA004A1D6B /* AlertType.swift */,
			);
			path = Alert;
			sourceTree = "<group>";
		};
		8057DB522364F0F80087FBF7 /* TabControl */ = {
			isa = PBXGroup;
			children = (
				8057DB532364F10F0087FBF7 /* TabView.swift */,
				8057DB552364F12B0087FBF7 /* TabControl.swift */,
				8099ED3823667F8C00B8E1CA /* TabGeometry.swift */,
			);
			path = TabControl;
			sourceTree = "<group>";
		};
		805A173922C53ADB00E1B4E2 = {
			isa = PBXGroup;
			children = (
				805A174422C53ADB00E1B4E2 /* Forecast */,
				805A174322C53ADB00E1B4E2 /* Products */,
			);
			sourceTree = "<group>";
		};
		805A174322C53ADB00E1B4E2 /* Products */ = {
			isa = PBXGroup;
			children = (
				805A174222C53ADB00E1B4E2 /* Forecast.app */,
			);
			name = Products;
			sourceTree = "<group>";
		};
		805A174422C53ADB00E1B4E2 /* Forecast */ = {
			isa = PBXGroup;
			children = (
				80AD06FE22D68C2000220FEE /* GraphQL */,
				80D0D86422D6B55D00B8C711 /* Helpers */,
				80E5D61A23773B2A004A1D6B /* Extensions */,
				8099ED3123667E5C00B8E1CA /* PreferenceKey */,
				8020F9502363D1A10029FEB6 /* Views */,
				80C667BF2377733E008E9A11 /* Sections */,
				805A174522C53ADB00E1B4E2 /* AppDelegate.swift */,
				805A174722C53ADB00E1B4E2 /* SceneDelegate.swift */,
				805A174B22C53ADD00E1B4E2 /* Assets.xcassets */,
				805D7BD922D1243F00A12C4D /* Colors.xcassets */,
				805D7BDB22D1244800A12C4D /* Images.xcassets */,
				805A175022C53ADD00E1B4E2 /* LaunchScreen.storyboard */,
				805A175322C53ADD00E1B4E2 /* Info.plist */,
				805A174D22C53ADD00E1B4E2 /* Preview Content */,
			);
			path = Forecast;
			sourceTree = "<group>";
		};
		805A174D22C53ADD00E1B4E2 /* Preview Content */ = {
			isa = PBXGroup;
			children = (
				805A174E22C53ADD00E1B4E2 /* Preview Assets.xcassets */,
			);
			path = "Preview Content";
			sourceTree = "<group>";
		};
		805D7BE022D1287100A12C4D /* Blur */ = {
			isa = PBXGroup;
			children = (
				805D7BE122D1287900A12C4D /* BlurView.swift */,
			);
			path = Blur;
			sourceTree = "<group>";
		};
		8061291D2369083E005EEB2A /* DailyForecast */ = {
			isa = PBXGroup;
			children = (
				8061291E23690883005EEB2A /* DailyForecastCard.swift */,
				8061292023690D06005EEB2A /* DailyForecastDetail.swift */,
				8061292223690F5F005EEB2A /* DailyForecastView.swift */,
			);
			path = DailyForecast;
			sourceTree = "<group>";
		};
		8066FDE72364ECA90067F362 /* Root */ = {
			isa = PBXGroup;
			children = (
				8076F72423651CA700FB85D1 /* SlidingPanel */,
				80FECAEF237782C5008AC653 /* BlackBackground */,
				805A174922C53ADB00E1B4E2 /* ContentView.swift */,
			);
			path = Root;
			sourceTree = "<group>";
		};
		8066FDE82364ECCE0067F362 /* Indicator */ = {
			isa = PBXGroup;
			children = (
				80C395A6237888BE0004B71D /* IndicatorShape */,
				80E32BAD233454DD0087DBB3 /* SystemActivityIndicator.swift */,
				80C395A923788A6B0004B71D /* LineActivityIndicator.swift */,
			);
			path = Indicator;
			sourceTree = "<group>";
		};
		8076F72423651CA700FB85D1 /* SlidingPanel */ = {
			isa = PBXGroup;
			children = (
				8076F72523651CD000FB85D1 /* SlidingPanel.swift */,
			);
			path = SlidingPanel;
			sourceTree = "<group>";
		};
		807B8E482377A68D0075F131 /* CurrentConditions */ = {
			isa = PBXGroup;
			children = (
				807B8E492377A7250075F131 /* CurrentConditionsItem.swift */,
				807B8E4B2377AAFD0075F131 /* CurrentConditionsView.swift */,
			);
			path = CurrentConditions;
			sourceTree = "<group>";
		};
		8099A20B23130B7400EE4F30 /* Safari */ = {
			isa = PBXGroup;
			children = (
				8099A20C23130B8500EE4F30 /* SafariView.swift */,
				8099A20E23130CED00EE4F30 /* CustomSafariViewController.swift */,
			);
			path = Safari;
			sourceTree = "<group>";
		};
		8099ED3123667E5C00B8E1CA /* PreferenceKey */ = {
			isa = PBXGroup;
			children = (
				8099ED3223667E7A00B8E1CA /* FramePreferenceKey.swift */,
			);
			path = PreferenceKey;
			sourceTree = "<group>";
		};
		80A016002376636B00A72C2F /* PagingScrollView */ = {
			isa = PBXGroup;
			children = (
				80A016072376668800A72C2F /* Main */,
				80A016062376668000A72C2F /* Horizontal */,
				80A01603237664F700A72C2F /* TouchPassthrough */,
			);
			path = PagingScrollView;
			sourceTree = "<group>";
		};
		80A01603237664F700A72C2F /* TouchPassthrough */ = {
			isa = PBXGroup;
			children = (
				80A01604237665B700A72C2F /* TouchPassthroughView.swift */,
			);
			path = TouchPassthrough;
			sourceTree = "<group>";
		};
		80A016062376668000A72C2F /* Horizontal */ = {
			isa = PBXGroup;
			children = (
				8061292723691365005EEB2A /* HorizontalPagingScrollViewController.swift */,
				806129252369122D005EEB2A /* HorizontalPagingScrollView.swift */,
			);
			path = Horizontal;
			sourceTree = "<group>";
		};
		80A016072376668800A72C2F /* Main */ = {
			isa = PBXGroup;
			children = (
				80A016012376638900A72C2F /* MainPagingScrollViewController.swift */,
				80B1B3272376683A000EA6DD /* MainPagingScrollView.swift */,
			);
			path = Main;
			sourceTree = "<group>";
		};
		80A755F42364EB3800724213 /* HighLow */ = {
			isa = PBXGroup;
			children = (
				8050327E22D25C7500D376C3 /* HighLowStack.swift */,
				80D1896C22D03A2F00E56DB1 /* HighLowView.swift */,
			);
			path = HighLow;
			sourceTree = "<group>";
		};
		80AD06FE22D68C2000220FEE /* GraphQL */ = {
			isa = PBXGroup;
			children = (
				809C147D22F7D05E00F6A771 /* API.swift */,
				806CC54A22F8F27000D0D2F6 /* schema.json */,
				809833B822F678BE001C1590 /* WeatherQuery.graphql */,
				80AD070822D68E7B00220FEE /* WeatherProvider.swift */,
			);
			path = GraphQL;
			sourceTree = "<group>";
		};
		80C395A123787B810004B71D /* ObservedAtTime */ = {
			isa = PBXGroup;
			children = (
				80C395A223787B9B0004B71D /* ObservedAtTime.swift */,
			);
			path = ObservedAtTime;
			sourceTree = "<group>";
		};
		80C395A6237888BE0004B71D /* IndicatorShape */ = {
			isa = PBXGroup;
			children = (
				80C395A7237888CD0004B71D /* IndicatorShape.swift */,
			);
			path = IndicatorShape;
			sourceTree = "<group>";
		};
		80C667BF2377733E008E9A11 /* Sections */ = {
			isa = PBXGroup;
			children = (
				80C667C023777673008E9A11 /* Now */,
				80C667C123777693008E9A11 /* Week */,
				80C667C2237776AE008E9A11 /* Radar */,
				802C0D972368FE32009A22BA /* CurrentSection.swift */,
			);
			path = Sections;
			sourceTree = "<group>";
		};
		80C667C023777673008E9A11 /* Now */ = {
			isa = PBXGroup;
			children = (
				80FECAF1237782F5008AC653 /* OverviewView */,
				80FECAEC237781C5008AC653 /* HourlyForecast */,
				807B8E482377A68D0075F131 /* CurrentConditions */,
				8066FDEC2364EE030067F362 /* NowSection.swift */,
			);
			path = Now;
			sourceTree = "<group>";
		};
		80C667C123777693008E9A11 /* Week */ = {
			isa = PBXGroup;
			children = (
				8061291D2369083E005EEB2A /* DailyForecast */,
				80612929236915D4005EEB2A /* WeekSection.swift */,
			);
			path = Week;
			sourceTree = "<group>";
		};
		80C667C2237776AE008E9A11 /* Radar */ = {
			isa = PBXGroup;
			children = (
				8026FF5123779873007962DB /* Map */,
				80FECAF423778361008AC653 /* RadarSection.swift */,
			);
			path = Radar;
			sourceTree = "<group>";
		};
		80C816212363D9CD00D33669 /* OmniBar */ = {
			isa = PBXGroup;
			children = (
				80C816222363D9DA00D33669 /* OmniBar.swift */,
				80C816252363DCFE00D33669 /* OmniBarTextField.swift */,
				80C816272363DEBB00D33669 /* OmniBarPlaceholder.swift */,
				80C816292363E2D700D33669 /* OmniBarSettingsButton.swift */,
			);
			path = OmniBar;
			sourceTree = "<group>";
		};
		80D0D86422D6B55D00B8C711 /* Helpers */ = {
			isa = PBXGroup;
			children = (
				80D0D86522D6B56700B8C711 /* UserPreferences.swift */,
				8039628422D6CD6F003FEAB3 /* ForecastIcon.swift */,
			);
			path = Helpers;
			sourceTree = "<group>";
		};
		80E5D61A23773B2A004A1D6B /* Extensions */ = {
			isa = PBXGroup;
			children = (
				80E5D61B23773B46004A1D6B /* UIView+PinEdges.swift */,
				80E5D61D23774150004A1D6B /* UIScrollView+ScrollToTop.swift */,
				80C395A423787F660004B71D /* Date+TimeAgo.swift */,
				80E5D6292377721B004A1D6B /* String+IsInt.swift */,
				8085B7B3232DD0D500D4AEE4 /* Comparable+Clamped.swift */,
			);
			path = Extensions;
			sourceTree = "<group>";
		};
		80FECAEC237781C5008AC653 /* HourlyForecast */ = {
			isa = PBXGroup;
			children = (
				805A1E6522D65ADB001B8CC3 /* HourlyForecastView.swift */,
				8039628222D6CC4B003FEAB3 /* HourlyForecastViewModel.swift */,
				80504F772332DB4700DB4FAD /* HourlyForecastDetail.swift */,
			);
			path = HourlyForecast;
			sourceTree = "<group>";
		};
		80FECAED2377829C008AC653 /* DrawerHandle */ = {
			isa = PBXGroup;
			children = (
				801BDBCF232D660C007FE4AB /* DrawerHandle.swift */,
			);
			path = DrawerHandle;
			sourceTree = "<group>";
		};
		80FECAEE237782A4008AC653 /* WeatherIllustration */ = {
			isa = PBXGroup;
			children = (
				80B8DB91232C768000BAD200 /* WeatherIllustration.swift */,
			);
			path = WeatherIllustration;
			sourceTree = "<group>";
		};
		80FECAEF237782C5008AC653 /* BlackBackground */ = {
			isa = PBXGroup;
			children = (
				80C8161F2363D8C800D33669 /* BlackBackground.swift */,
			);
			path = BlackBackground;
			sourceTree = "<group>";
		};
		80FECAF0237782D8008AC653 /* BackgroundColor */ = {
			isa = PBXGroup;
			children = (
				80B8DB93232C7BBF00BAD200 /* BackgroundColor.swift */,
			);
			path = BackgroundColor;
			sourceTree = "<group>";
		};
		80FECAF1237782F5008AC653 /* OverviewView */ = {
			isa = PBXGroup;
			children = (
				80FECAF223778307008AC653 /* TemperatureView */,
				80FECAF323778310008AC653 /* ObservationView */,
				80A755F42364EB3800724213 /* HighLow */,
				803028E422CEE7970053F639 /* OverviewView.swift */,
			);
			path = OverviewView;
			sourceTree = "<group>";
		};
		80FECAF223778307008AC653 /* TemperatureView */ = {
			isa = PBXGroup;
			children = (
				803028D422CEE42C0053F639 /* TemperatureView.swift */,
			);
			path = TemperatureView;
			sourceTree = "<group>";
		};
		80FECAF323778310008AC653 /* ObservationView */ = {
			isa = PBXGroup;
			children = (
				803028D722CEE56D0053F639 /* ObservationView.swift */,
			);
			path = ObservationView;
			sourceTree = "<group>";
		};
/* End PBXGroup section */

/* Begin PBXNativeTarget section */
		805A174122C53ADB00E1B4E2 /* Forecast */ = {
			isa = PBXNativeTarget;
			buildConfigurationList = 805A175622C53ADD00E1B4E2 /* Build configuration list for PBXNativeTarget "Forecast" */;
			buildPhases = (
				80AD070722D68C7400220FEE /* Generate Apollo GraphQL API */,
				805A173E22C53ADB00E1B4E2 /* Sources */,
				805A173F22C53ADB00E1B4E2 /* Frameworks */,
				805A174022C53ADB00E1B4E2 /* Resources */,
			);
			buildRules = (
			);
			dependencies = (
			);
			name = Forecast;
			packageProductDependencies = (
				80D0CE80235B6D95002A3EFD /* SwiftDate */,
				80D0CE83235B6DA5002A3EFD /* Apollo */,
			);
			productName = Forecast;
			productReference = 805A174222C53ADB00E1B4E2 /* Forecast.app */;
			productType = "com.apple.product-type.application";
		};
/* End PBXNativeTarget section */

/* Begin PBXProject section */
		805A173A22C53ADB00E1B4E2 /* Project object */ = {
			isa = PBXProject;
			attributes = {
				LastSwiftUpdateCheck = 1100;
				LastUpgradeCheck = 1100;
				ORGANIZATIONNAME = "Lukas Romsicki";
				TargetAttributes = {
					805A174122C53ADB00E1B4E2 = {
						CreatedOnToolsVersion = 11.0;
					};
				};
			};
			buildConfigurationList = 805A173D22C53ADB00E1B4E2 /* Build configuration list for PBXProject "Forecast" */;
			compatibilityVersion = "Xcode 9.3";
			developmentRegion = en;
			hasScannedForEncodings = 0;
			knownRegions = (
				en,
				Base,
			);
			mainGroup = 805A173922C53ADB00E1B4E2;
			packageReferences = (
				80D0CE7F235B6D95002A3EFD /* XCRemoteSwiftPackageReference "SwiftDate" */,
				80D0CE82235B6DA5002A3EFD /* XCRemoteSwiftPackageReference "apollo-ios" */,
			);
			productRefGroup = 805A174322C53ADB00E1B4E2 /* Products */;
			projectDirPath = "";
			projectRoot = "";
			targets = (
				805A174122C53ADB00E1B4E2 /* Forecast */,
			);
		};
/* End PBXProject section */

/* Begin PBXResourcesBuildPhase section */
		805A174022C53ADB00E1B4E2 /* Resources */ = {
			isa = PBXResourcesBuildPhase;
			buildActionMask = 2147483647;
			files = (
				806CC54B22F8F27100D0D2F6 /* schema.json in Resources */,
				805A175222C53ADD00E1B4E2 /* LaunchScreen.storyboard in Resources */,
				805D7BDC22D1244800A12C4D /* Images.xcassets in Resources */,
				805D7BDA22D1243F00A12C4D /* Colors.xcassets in Resources */,
				805A174F22C53ADD00E1B4E2 /* Preview Assets.xcassets in Resources */,
				809833B922F678BE001C1590 /* WeatherQuery.graphql in Resources */,
				805A174C22C53ADD00E1B4E2 /* Assets.xcassets in Resources */,
			);
			runOnlyForDeploymentPostprocessing = 0;
		};
/* End PBXResourcesBuildPhase section */

/* Begin PBXShellScriptBuildPhase section */
		80AD070722D68C7400220FEE /* Generate Apollo GraphQL API */ = {
			isa = PBXShellScriptBuildPhase;
			buildActionMask = 8;
			files = (
			);
			inputFileListPaths = (
			);
			inputPaths = (
			);
			name = "Generate Apollo GraphQL API";
			outputFileListPaths = (
			);
			outputPaths = (
				"$(SRCROOT)/GraphQL/API.swift",
			);
			runOnlyForDeploymentPostprocessing = 1;
			shellPath = /bin/sh;
			shellScript = "# Go to the build root and search up the chain to find the Derived Data Path where the source packages are checked out.\nDERIVED_DATA_CANDIDATE=\"${BUILD_ROOT}\"\n\nwhile ! [ -d \"${DERIVED_DATA_CANDIDATE}/SourcePackages\" ]; do\n  if [ \"${DERIVED_DATA_CANDIDATE}\" = / ]; then\n    echo >&2 \"error: Unable to locate SourcePackages directory from BUILD_ROOT: '${BUILD_ROOT}'\"\n    exit 1\n  fi\n\n  DERIVED_DATA_CANDIDATE=\"$(dirname \"${DERIVED_DATA_CANDIDATE}\")\"\ndone\n\n# Grab a reference to the directory where scripts are checked out\nSCRIPT_PATH=\"${DERIVED_DATA_CANDIDATE}/SourcePackages/checkouts/apollo-ios/scripts\"\n\nif [ -z \"${SCRIPT_PATH}\" ]; then\n    echo >&2 \"error: Couldn't find the CLI script in your checked out SPM packages; make sure to add the framework to your project.\"\n    exit 1\nfi\n\ncd \"${SRCROOT}/${TARGET_NAME}\"\n\"${SCRIPT_PATH}\"/run-bundled-codegen.sh codegen:generate --target=swift --includes=./**/*.graphql --localSchemaFile=\"GraphQL/schema.json\" GraphQL/API.swift\n";
		};
/* End PBXShellScriptBuildPhase section */

/* Begin PBXSourcesBuildPhase section */
		805A173E22C53ADB00E1B4E2 /* Sources */ = {
			isa = PBXSourcesBuildPhase;
			buildActionMask = 2147483647;
			files = (
				80AD070922D68E7B00220FEE /* WeatherProvider.swift in Sources */,
				8039628522D6CD6F003FEAB3 /* ForecastIcon.swift in Sources */,
				8099ED3923667F8C00B8E1CA /* TabGeometry.swift in Sources */,
				805A174622C53ADB00E1B4E2 /* AppDelegate.swift in Sources */,
				80C395A8237888CD0004B71D /* IndicatorShape.swift in Sources */,
				8020F9532363D2390029FEB6 /* MasterView.swift in Sources */,
				80C395A323787B9B0004B71D /* ObservedAtTime.swift in Sources */,
				8066FDED2364EE030067F362 /* NowSection.swift in Sources */,
				80D1896D22D03A2F00E56DB1 /* HighLowView.swift in Sources */,
				8099ED3323667E7A00B8E1CA /* FramePreferenceKey.swift in Sources */,
				807B8E4C2377AAFD0075F131 /* CurrentConditionsView.swift in Sources */,
				8099A20F23130CED00EE4F30 /* CustomSafariViewController.swift in Sources */,
				802C0D9C236903C6009A22BA /* SunriseSunsetTime.swift in Sources */,
				80504F782332DB4700DB4FAD /* HourlyForecastDetail.swift in Sources */,
				80FECAF523778361008AC653 /* RadarSection.swift in Sources */,
				807B8E4A2377A7250075F131 /* CurrentConditionsItem.swift in Sources */,
				8085B7B4232DD0D500D4AEE4 /* Comparable+Clamped.swift in Sources */,
				8061292A236915D4005EEB2A /* WeekSection.swift in Sources */,
				80C816202363D8C800D33669 /* BlackBackground.swift in Sources */,
				80E32BAE233454DD0087DBB3 /* SystemActivityIndicator.swift in Sources */,
				80B8DB94232C7BBF00BAD200 /* BackgroundColor.swift in Sources */,
				8050327F22D25C7500D376C3 /* HighLowStack.swift in Sources */,
				805A1E6622D65ADB001B8CC3 /* HourlyForecastView.swift in Sources */,
				806129262369122D005EEB2A /* HorizontalPagingScrollView.swift in Sources */,
				800194DF232EDCCF00066D37 /* UIShadowView.swift in Sources */,
				80E5D628237765DF004A1D6B /* IdentifiableAlert.swift in Sources */,
				80B8DB92232C768000BAD200 /* WeatherIllustration.swift in Sources */,
				8057DB4E2364F0C40087FBF7 /* AlertStack.swift in Sources */,
				802C0D982368FE32009A22BA /* CurrentSection.swift in Sources */,
				8061291F23690883005EEB2A /* DailyForecastCard.swift in Sources */,
				8039628322D6CC4B003FEAB3 /* HourlyForecastViewModel.swift in Sources */,
				8057DB562364F12B0087FBF7 /* TabControl.swift in Sources */,
				8057DB542364F10F0087FBF7 /* TabView.swift in Sources */,
				803028D522CEE42C0053F639 /* TemperatureView.swift in Sources */,
				80E5D61C23773B46004A1D6B /* UIView+PinEdges.swift in Sources */,
				80A016022376638900A72C2F /* MainPagingScrollViewController.swift in Sources */,
				8061292123690D06005EEB2A /* DailyForecastDetail.swift in Sources */,
				80B1B3282376683A000EA6DD /* MainPagingScrollView.swift in Sources */,
				80E5D622237760BA004A1D6B /* AlertType.swift in Sources */,
				8099A20D23130B8500EE4F30 /* SafariView.swift in Sources */,
				805A174822C53ADB00E1B4E2 /* SceneDelegate.swift in Sources */,
				8026FF5323779881007962DB /* MapView.swift in Sources */,
				8061292323690F5F005EEB2A /* DailyForecastView.swift in Sources */,
				80C816262363DCFE00D33669 /* OmniBarTextField.swift in Sources */,
				802C0D9E236903CD009A22BA /* Header.swift in Sources */,
				80A01605237665B700A72C2F /* TouchPassthroughView.swift in Sources */,
				80C816232363D9DA00D33669 /* OmniBar.swift in Sources */,
				80E5D61E23774150004A1D6B /* UIScrollView+ScrollToTop.swift in Sources */,
				803028E522CEE7970053F639 /* OverviewView.swift in Sources */,
				801BDBD0232D660C007FE4AB /* DrawerHandle.swift in Sources */,
				80C8162F2363E6DF00D33669 /* HeaderGradientBackground.swift in Sources */,
				800194DD232EDC8100066D37 /* ShadowView.swift in Sources */,
				805D7BE222D1287900A12C4D /* BlurView.swift in Sources */,
				80D0D86722D6B56800B8C711 /* UserPreferences.swift in Sources */,
				80C816282363DEBB00D33669 /* OmniBarPlaceholder.swift in Sources */,
				80E5D62A2377721B004A1D6B /* String+IsInt.swift in Sources */,
				8057DB582364F1370087FBF7 /* NavigationBar.swift in Sources */,
				805A174A22C53ADB00E1B4E2 /* ContentView.swift in Sources */,
				8057DB512364F0F20087FBF7 /* AlertIndicator.swift in Sources */,
				803028D822CEE56D0053F639 /* ObservationView.swift in Sources */,
				8061292823691365005EEB2A /* HorizontalPagingScrollViewController.swift in Sources */,
				80C395A523787F660004B71D /* Date+TimeAgo.swift in Sources */,
				80C395AA23788A6B0004B71D /* LineActivityIndicator.swift in Sources */,
				8076F72623651CD000FB85D1 /* SlidingPanel.swift in Sources */,
				80C8162A2363E2D700D33669 /* OmniBarSettingsButton.swift in Sources */,
				809C147E22F7D05F00F6A771 /* API.swift in Sources */,
			);
			runOnlyForDeploymentPostprocessing = 0;
		};
/* End PBXSourcesBuildPhase section */

/* Begin PBXVariantGroup section */
		805A175022C53ADD00E1B4E2 /* LaunchScreen.storyboard */ = {
			isa = PBXVariantGroup;
			children = (
				805A175122C53ADD00E1B4E2 /* Base */,
			);
			name = LaunchScreen.storyboard;
			sourceTree = "<group>";
		};
/* End PBXVariantGroup section */

/* Begin XCBuildConfiguration section */
		805A175422C53ADD00E1B4E2 /* Debug */ = {
			isa = XCBuildConfiguration;
			buildSettings = {
				ALWAYS_SEARCH_USER_PATHS = NO;
				CLANG_ANALYZER_NONNULL = YES;
				CLANG_ANALYZER_NUMBER_OBJECT_CONVERSION = YES_AGGRESSIVE;
				CLANG_CXX_LANGUAGE_STANDARD = "gnu++14";
				CLANG_CXX_LIBRARY = "libc++";
				CLANG_ENABLE_MODULES = YES;
				CLANG_ENABLE_OBJC_ARC = YES;
				CLANG_ENABLE_OBJC_WEAK = YES;
				CLANG_WARN_BLOCK_CAPTURE_AUTORELEASING = YES;
				CLANG_WARN_BOOL_CONVERSION = YES;
				CLANG_WARN_COMMA = YES;
				CLANG_WARN_CONSTANT_CONVERSION = YES;
				CLANG_WARN_DEPRECATED_OBJC_IMPLEMENTATIONS = YES;
				CLANG_WARN_DIRECT_OBJC_ISA_USAGE = YES_ERROR;
				CLANG_WARN_DOCUMENTATION_COMMENTS = YES;
				CLANG_WARN_EMPTY_BODY = YES;
				CLANG_WARN_ENUM_CONVERSION = YES;
				CLANG_WARN_INFINITE_RECURSION = YES;
				CLANG_WARN_INT_CONVERSION = YES;
				CLANG_WARN_NON_LITERAL_NULL_CONVERSION = YES;
				CLANG_WARN_OBJC_IMPLICIT_RETAIN_SELF = YES;
				CLANG_WARN_OBJC_LITERAL_CONVERSION = YES;
				CLANG_WARN_OBJC_ROOT_CLASS = YES_ERROR;
				CLANG_WARN_RANGE_LOOP_ANALYSIS = YES;
				CLANG_WARN_STRICT_PROTOTYPES = YES;
				CLANG_WARN_SUSPICIOUS_MOVE = YES;
				CLANG_WARN_UNGUARDED_AVAILABILITY = YES_AGGRESSIVE;
				CLANG_WARN_UNREACHABLE_CODE = YES;
				CLANG_WARN__DUPLICATE_METHOD_MATCH = YES;
				COPY_PHASE_STRIP = NO;
				DEBUG_INFORMATION_FORMAT = dwarf;
				ENABLE_STRICT_OBJC_MSGSEND = YES;
				ENABLE_TESTABILITY = YES;
				GCC_C_LANGUAGE_STANDARD = gnu11;
				GCC_DYNAMIC_NO_PIC = NO;
				GCC_NO_COMMON_BLOCKS = YES;
				GCC_OPTIMIZATION_LEVEL = 0;
				GCC_PREPROCESSOR_DEFINITIONS = (
					"DEBUG=1",
					"$(inherited)",
				);
				GCC_WARN_64_TO_32_BIT_CONVERSION = YES;
				GCC_WARN_ABOUT_RETURN_TYPE = YES_ERROR;
				GCC_WARN_UNDECLARED_SELECTOR = YES;
				GCC_WARN_UNINITIALIZED_AUTOS = YES_AGGRESSIVE;
				GCC_WARN_UNUSED_FUNCTION = YES;
				GCC_WARN_UNUSED_VARIABLE = YES;
				IPHONEOS_DEPLOYMENT_TARGET = 13.0;
				MTL_ENABLE_DEBUG_INFO = INCLUDE_SOURCE;
				MTL_FAST_MATH = YES;
				ONLY_ACTIVE_ARCH = YES;
				SDKROOT = iphoneos;
				SWIFT_ACTIVE_COMPILATION_CONDITIONS = DEBUG;
				SWIFT_OPTIMIZATION_LEVEL = "-Onone";
			};
			name = Debug;
		};
		805A175522C53ADD00E1B4E2 /* Release */ = {
			isa = XCBuildConfiguration;
			buildSettings = {
				ALWAYS_SEARCH_USER_PATHS = NO;
				CLANG_ANALYZER_NONNULL = YES;
				CLANG_ANALYZER_NUMBER_OBJECT_CONVERSION = YES_AGGRESSIVE;
				CLANG_CXX_LANGUAGE_STANDARD = "gnu++14";
				CLANG_CXX_LIBRARY = "libc++";
				CLANG_ENABLE_MODULES = YES;
				CLANG_ENABLE_OBJC_ARC = YES;
				CLANG_ENABLE_OBJC_WEAK = YES;
				CLANG_WARN_BLOCK_CAPTURE_AUTORELEASING = YES;
				CLANG_WARN_BOOL_CONVERSION = YES;
				CLANG_WARN_COMMA = YES;
				CLANG_WARN_CONSTANT_CONVERSION = YES;
				CLANG_WARN_DEPRECATED_OBJC_IMPLEMENTATIONS = YES;
				CLANG_WARN_DIRECT_OBJC_ISA_USAGE = YES_ERROR;
				CLANG_WARN_DOCUMENTATION_COMMENTS = YES;
				CLANG_WARN_EMPTY_BODY = YES;
				CLANG_WARN_ENUM_CONVERSION = YES;
				CLANG_WARN_INFINITE_RECURSION = YES;
				CLANG_WARN_INT_CONVERSION = YES;
				CLANG_WARN_NON_LITERAL_NULL_CONVERSION = YES;
				CLANG_WARN_OBJC_IMPLICIT_RETAIN_SELF = YES;
				CLANG_WARN_OBJC_LITERAL_CONVERSION = YES;
				CLANG_WARN_OBJC_ROOT_CLASS = YES_ERROR;
				CLANG_WARN_RANGE_LOOP_ANALYSIS = YES;
				CLANG_WARN_STRICT_PROTOTYPES = YES;
				CLANG_WARN_SUSPICIOUS_MOVE = YES;
				CLANG_WARN_UNGUARDED_AVAILABILITY = YES_AGGRESSIVE;
				CLANG_WARN_UNREACHABLE_CODE = YES;
				CLANG_WARN__DUPLICATE_METHOD_MATCH = YES;
				COPY_PHASE_STRIP = NO;
				DEBUG_INFORMATION_FORMAT = "dwarf-with-dsym";
				ENABLE_NS_ASSERTIONS = NO;
				ENABLE_STRICT_OBJC_MSGSEND = YES;
				GCC_C_LANGUAGE_STANDARD = gnu11;
				GCC_NO_COMMON_BLOCKS = YES;
				GCC_WARN_64_TO_32_BIT_CONVERSION = YES;
				GCC_WARN_ABOUT_RETURN_TYPE = YES_ERROR;
				GCC_WARN_UNDECLARED_SELECTOR = YES;
				GCC_WARN_UNINITIALIZED_AUTOS = YES_AGGRESSIVE;
				GCC_WARN_UNUSED_FUNCTION = YES;
				GCC_WARN_UNUSED_VARIABLE = YES;
				IPHONEOS_DEPLOYMENT_TARGET = 13.0;
				MTL_ENABLE_DEBUG_INFO = NO;
				MTL_FAST_MATH = YES;
				SDKROOT = iphoneos;
				SWIFT_COMPILATION_MODE = wholemodule;
				SWIFT_OPTIMIZATION_LEVEL = "-O";
				VALIDATE_PRODUCT = YES;
			};
			name = Release;
		};
		805A175722C53ADD00E1B4E2 /* Debug */ = {
			isa = XCBuildConfiguration;
			buildSettings = {
				ASSETCATALOG_COMPILER_APPICON_NAME = AppIcon;
				CODE_SIGN_STYLE = Automatic;
				DEVELOPMENT_ASSET_PATHS = "Forecast/Preview\\ Content";
				DEVELOPMENT_TEAM = 8P8574Z65P;
				ENABLE_PREVIEWS = YES;
				INFOPLIST_FILE = Forecast/Info.plist;
				IPHONEOS_DEPLOYMENT_TARGET = 13.0;
				LD_RUNPATH_SEARCH_PATHS = (
					"$(inherited)",
					"@executable_path/Frameworks",
				);
				PRODUCT_BUNDLE_IDENTIFIER = com.romsicki.Forecast;
				PRODUCT_NAME = "$(TARGET_NAME)";
				SWIFT_VERSION = 5.0;
				TARGETED_DEVICE_FAMILY = 1;
			};
			name = Debug;
		};
		805A175822C53ADD00E1B4E2 /* Release */ = {
			isa = XCBuildConfiguration;
			buildSettings = {
				ASSETCATALOG_COMPILER_APPICON_NAME = AppIcon;
				CODE_SIGN_STYLE = Automatic;
				DEVELOPMENT_ASSET_PATHS = "Forecast/Preview\\ Content";
				DEVELOPMENT_TEAM = 8P8574Z65P;
				ENABLE_PREVIEWS = YES;
				INFOPLIST_FILE = Forecast/Info.plist;
				IPHONEOS_DEPLOYMENT_TARGET = 13.0;
				LD_RUNPATH_SEARCH_PATHS = (
					"$(inherited)",
					"@executable_path/Frameworks",
				);
				PRODUCT_BUNDLE_IDENTIFIER = com.romsicki.Forecast;
				PRODUCT_NAME = "$(TARGET_NAME)";
				SWIFT_VERSION = 5.0;
				TARGETED_DEVICE_FAMILY = 1;
			};
			name = Release;
		};
/* End XCBuildConfiguration section */

/* Begin XCConfigurationList section */
		805A173D22C53ADB00E1B4E2 /* Build configuration list for PBXProject "Forecast" */ = {
			isa = XCConfigurationList;
			buildConfigurations = (
				805A175422C53ADD00E1B4E2 /* Debug */,
				805A175522C53ADD00E1B4E2 /* Release */,
			);
			defaultConfigurationIsVisible = 0;
			defaultConfigurationName = Release;
		};
		805A175622C53ADD00E1B4E2 /* Build configuration list for PBXNativeTarget "Forecast" */ = {
			isa = XCConfigurationList;
			buildConfigurations = (
				805A175722C53ADD00E1B4E2 /* Debug */,
				805A175822C53ADD00E1B4E2 /* Release */,
			);
			defaultConfigurationIsVisible = 0;
			defaultConfigurationName = Release;
		};
/* End XCConfigurationList section */

/* Begin XCRemoteSwiftPackageReference section */
		80D0CE7F235B6D95002A3EFD /* XCRemoteSwiftPackageReference "SwiftDate" */ = {
			isa = XCRemoteSwiftPackageReference;
			repositoryURL = "https://github.com/malcommac/SwiftDate";
			requirement = {
				kind = upToNextMinorVersion;
				minimumVersion = 6.1.0;
			};
		};
		80D0CE82235B6DA5002A3EFD /* XCRemoteSwiftPackageReference "apollo-ios" */ = {
			isa = XCRemoteSwiftPackageReference;
			repositoryURL = "https://github.com/apollographql/apollo-ios";
			requirement = {
				kind = upToNextMinorVersion;
				minimumVersion = 0.19.0;
			};
		};
/* End XCRemoteSwiftPackageReference section */

/* Begin XCSwiftPackageProductDependency section */
		80D0CE80235B6D95002A3EFD /* SwiftDate */ = {
			isa = XCSwiftPackageProductDependency;
			package = 80D0CE7F235B6D95002A3EFD /* XCRemoteSwiftPackageReference "SwiftDate" */;
			productName = SwiftDate;
		};
		80D0CE83235B6DA5002A3EFD /* Apollo */ = {
			isa = XCSwiftPackageProductDependency;
			package = 80D0CE82235B6DA5002A3EFD /* XCRemoteSwiftPackageReference "apollo-ios" */;
			productName = Apollo;
		};
/* End XCSwiftPackageProductDependency section */
	};
	rootObject = 805A173A22C53ADB00E1B4E2 /* Project object */;
}
